
Microsoft Visual Studio Solution File, Format Version 12.00
# Visual Studio Version 16
VisualStudioVersion = 16.0.31727.386
MinimumVisualStudioVersion = 10.0.40219.1
Project("{FAE04EC0-301F-11D3-BF4B-00C04F79EFBC}") = "IndividualPartA-SchoolStructure", "IndividualPartA-SchoolStructure\IndividualPartA-SchoolStructure.csproj", "{5CC7F89C-00AB-4C2D-9A34-B02F6CD5CF13}"
EndProject
Global
	GlobalSection(SolutionConfigurationPlatforms) = preSolution
		Debug|Any CPU = Debug|Any CPU
		Release|Any CPU = Release|Any CPU
	EndGlobalSection
	GlobalSection(ProjectConfigurationPlatforms) = postSolution
		{5CC7F89C-00AB-4C2D-9A34-B02F6CD5CF13}.Debug|Any CPU.ActiveCfg = Debug|Any CPU
		{5CC7F89C-00AB-4C2D-9A34-B02F6CD5CF13}.Debug|Any CPU.Build.0 = Debug|Any CPU
		{5CC7F89C-00AB-4C2D-9A34-B02F6CD5CF13}.Release|Any CPU.ActiveCfg = Release|Any CPU
		{5CC7F89C-00AB-4C2D-9A34-B02F6CD5CF13}.Release|Any CPU.Build.0 = Release|Any CPU
	EndGlobalSection
	GlobalSection(SolutionProperties) = preSolution
		HideSolutionNode = FALSE
	EndGlobalSection
	GlobalSection(ExtensibilityGlobals) = postSolution
		SolutionGuid = {13A7039E-1C42-4B20-A7AC-AAD1A21F7373}
	EndGlobalSection
EndGlobal
